
Microsoft Visual Studio Solution File, Format Version 12.00
# Visual Studio Version 17
VisualStudioVersion = 17.8.34511.84
MinimumVisualStudioVersion = 10.0.40219.1
Project("{2150E333-8FDC-42A3-9474-1A3956D46DE8}") = "1.Client", "1.Client", "{A49EDAA2-9E82-4B67-98FB-CBFC14174B27}"
EndProject
Project("{2150E333-8FDC-42A3-9474-1A3956D46DE8}") = "2.Server", "2.Server", "{BACD2694-C634-4F3C-AE8E-F6B6C7CBBDE3}"
EndProject
Project("{2150E333-8FDC-42A3-9474-1A3956D46DE8}") = "1.Start", "1.Start", "{DAF7AB7D-5322-4059-AF0C-F6BE34BFBE99}"
EndProject
Project("{2150E333-8FDC-42A3-9474-1A3956D46DE8}") = "2.Modules", "2.Modules", "{9A09DDA5-EDCB-4929-BAE2-6C5B3C78B44A}"
EndProject
Project("{2150E333-8FDC-42A3-9474-1A3956D46DE8}") = "3.BLL", "3.BLL", "{D2A31D29-8447-475A-AF96-A383D5164802}"
EndProject
Project("{2150E333-8FDC-42A3-9474-1A3956D46DE8}") = "4.DAL", "4.DAL", "{2A451CC7-30A9-4621-A6CB-03F37B72594F}"
EndProject
Project("{2150E333-8FDC-42A3-9474-1A3956D46DE8}") = "5.Entity", "5.Entity", "{6FCDC5C7-B6DA-4CB7-B836-4A3AFE5FEA34}"
EndProject
Project("{2150E333-8FDC-42A3-9474-1A3956D46DE8}") = "1.Start", "1.Start", "{BBCC20B3-2FB2-43FC-B15A-7ECB88B282DE}"
EndProject
Project("{2150E333-8FDC-42A3-9474-1A3956D46DE8}") = "2.Service", "2.Service", "{018898F0-03A8-4465-97F9-68DDFAC5F322}"
EndProject
Project("{2150E333-8FDC-42A3-9474-1A3956D46DE8}") = "4.Common", "4.Common", "{4937CC5F-CBC4-45FE-A088-313D30D13FEA}"
EndProject
Project("{2150E333-8FDC-42A3-9474-1A3956D46DE8}") = "6.Common", "6.Common", "{F1672480-9ED3-4037-B2E1-07E82BF5FBC7}"
EndProject
Project("{2150E333-8FDC-42A3-9474-1A3956D46DE8}") = "3.DAL", "3.DAL", "{8740B781-23C6-42FC-92D7-7143EC8CAC42}"
EndProject
Project("{9A19103F-16F7-4668-BE54-9A1E7A4F7556}") = "My.SmartParking.Server.Start", "Server\My.SmartParking.Server.Start\My.SmartParking.Server.Start.csproj", "{0FABAC91-3154-4736-8108-7E29B0B1AB84}"
EndProject
Project("{9A19103F-16F7-4668-BE54-9A1E7A4F7556}") = "MySmartParking.Server.EFCore", "Server\MySmartParking.Server.EFCore\MySmartParking.Server.EFCore.csproj", "{D5ED623A-8CC0-4258-9D41-27C338587189}"
EndProject
Project("{9A19103F-16F7-4668-BE54-9A1E7A4F7556}") = "My.SmartParking.Server.Models", "Server\My.SmartParking.Server.Models\My.SmartParking.Server.Models.csproj", "{916AE2FA-10BD-442E-A8DB-B0E586C665C5}"
EndProject
Project("{9A19103F-16F7-4668-BE54-9A1E7A4F7556}") = "My.SmartParking.Server.IEFContext", "Server\My.SmartParking.Server.IEFContext\My.SmartParking.Server.IEFContext.csproj", "{FB7F282B-E170-44ED-A61A-0D5D936DFA1B}"
EndProject
Project("{9A19103F-16F7-4668-BE54-9A1E7A4F7556}") = "My.SmartParking.Server.EFContext", "Server\My.SmartParking.Server.EFContext\My.SmartParking.Server.EFContext.csproj", "{2B0AC816-6988-48F8-9FBD-AF9D35CE7A6C}"
EndProject
Project("{9A19103F-16F7-4668-BE54-9A1E7A4F7556}") = "My.SmartParking.Server.IConfiguration", "Server\My.SmartParking.Server.IConfiguration\My.SmartParking.Server.IConfiguration.csproj", "{D6D7616E-04EF-4CB6-B004-EF82DFBFF8DB}"
EndProject
Project("{9A19103F-16F7-4668-BE54-9A1E7A4F7556}") = "My.SmartParking.Server.Configuration", "Server\My.SmartParking.Server.Configuration\My.SmartParking.Server.Configuration.csproj", "{6C5170C0-22B0-490C-8A2B-F5A37F8DC0FD}"
EndProject
Project("{9A19103F-16F7-4668-BE54-9A1E7A4F7556}") = "My.SmartParking.Server.IService", "Server\My.SmartParking.Server.IService\My.SmartParking.Server.IService.csproj", "{210DF4E8-7DB4-4804-93AF-00DE0B4C9CCD}"
EndProject
Project("{9A19103F-16F7-4668-BE54-9A1E7A4F7556}") = "My.SmartParking.Server.Service", "Server\My.SmartParking.Server.Service\My.SmartParking.Server.Service.csproj", "{BFE3D64E-2DD0-4598-9863-C3155AE65DF9}"
EndProject
Project("{9A19103F-16F7-4668-BE54-9A1E7A4F7556}") = "My.SmartParking.Client.Start", "Client\My.SmartParking.Client.Start\My.SmartParking.Client.Start\My.SmartParking.Client.Start.csproj", "{3193316A-2D7B-4920-A91C-17D14B5170C5}"
EndProject
Project("{9A19103F-16F7-4668-BE54-9A1E7A4F7556}") = "My.SmartParking.Client.Common", "Client\My.SmartParking.Client.Common\My.SmartParking.Client.Common.csproj", "{C66557A8-7CAD-4F5C-8042-A1C317C0AC1D}"
EndProject
Project("{9A19103F-16F7-4668-BE54-9A1E7A4F7556}") = "My.SmartParking.Client.IDAL", "Client\My.SmartParking.Client.IDAL\My.SmartParking.Client.IDAL.csproj", "{04F5E8B9-0E44-4DF3-BAA1-F2B707E3722E}"
EndProject
Project("{9A19103F-16F7-4668-BE54-9A1E7A4F7556}") = "My.SmartParking.Client.DAL", "Client\My.SmartParking.Client.DAL\My.SmartParking.Client.DAL.csproj", "{F29B8A9F-ABA7-4459-B329-E1CABAB5B4A5}"
EndProject
Project("{9A19103F-16F7-4668-BE54-9A1E7A4F7556}") = "My.SmartParking.Client.IBLL", "Client\My.SmartParking.Client.IBLL\My.SmartParking.Client.IBLL.csproj", "{2F689856-D591-4E96-A537-874D7A9C3854}"
EndProject
Project("{9A19103F-16F7-4668-BE54-9A1E7A4F7556}") = "My.SmartParking.Client.BLL", "Client\My.SmartParking.Client.BLL\My.SmartParking.Client.BLL.csproj", "{18F95D6C-6234-4788-90C8-008DA13B00E3}"
EndProject
Project("{9A19103F-16F7-4668-BE54-9A1E7A4F7556}") = "My.SmartParking.Client.Entity", "Client\My.SmartParking.Client.Entity\My.SmartParking.Client.Entity.csproj", "{5C07F53D-838E-471B-901D-626B1551CE19}"
EndProject
Project("{FAE04EC0-301F-11D3-BF4B-00C04F79EFBC}") = "My.SmartParking.Client.Assets", "Client\My.SmartParking.Client.Assets\My.SmartParking.Client.Assets.csproj", "{22CE6139-6F6B-4E4E-A519-04EA50B74F9C}"
EndProject
Global
	GlobalSection(SolutionConfigurationPlatforms) = preSolution
		Debug|Any CPU = Debug|Any CPU
		Release|Any CPU = Release|Any CPU
	EndGlobalSection
	GlobalSection(ProjectConfigurationPlatforms) = postSolution
		{0FABAC91-3154-4736-8108-7E29B0B1AB84}.Debug|Any CPU.ActiveCfg = Debug|Any CPU
		{0FABAC91-3154-4736-8108-7E29B0B1AB84}.Debug|Any CPU.Build.0 = Debug|Any CPU
		{0FABAC91-3154-4736-8108-7E29B0B1AB84}.Release|Any CPU.ActiveCfg = Release|Any CPU
		{0FABAC91-3154-4736-8108-7E29B0B1AB84}.Release|Any CPU.Build.0 = Release|Any CPU
		{D5ED623A-8CC0-4258-9D41-27C338587189}.Debug|Any CPU.ActiveCfg = Debug|Any CPU
		{D5ED623A-8CC0-4258-9D41-27C338587189}.Debug|Any CPU.Build.0 = Debug|Any CPU
		{D5ED623A-8CC0-4258-9D41-27C338587189}.Release|Any CPU.ActiveCfg = Release|Any CPU
		{D5ED623A-8CC0-4258-9D41-27C338587189}.Release|Any CPU.Build.0 = Release|Any CPU
		{916AE2FA-10BD-442E-A8DB-B0E586C665C5}.Debug|Any CPU.ActiveCfg = Debug|Any CPU
		{916AE2FA-10BD-442E-A8DB-B0E586C665C5}.Debug|Any CPU.Build.0 = Debug|Any CPU
		{916AE2FA-10BD-442E-A8DB-B0E586C665C5}.Release|Any CPU.ActiveCfg = Release|Any CPU
		{916AE2FA-10BD-442E-A8DB-B0E586C665C5}.Release|Any CPU.Build.0 = Release|Any CPU
		{FB7F282B-E170-44ED-A61A-0D5D936DFA1B}.Debug|Any CPU.ActiveCfg = Debug|Any CPU
		{FB7F282B-E170-44ED-A61A-0D5D936DFA1B}.Debug|Any CPU.Build.0 = Debug|Any CPU
		{FB7F282B-E170-44ED-A61A-0D5D936DFA1B}.Release|Any CPU.ActiveCfg = Release|Any CPU
		{FB7F282B-E170-44ED-A61A-0D5D936DFA1B}.Release|Any CPU.Build.0 = Release|Any CPU
		{2B0AC816-6988-48F8-9FBD-AF9D35CE7A6C}.Debug|Any CPU.ActiveCfg = Debug|Any CPU
		{2B0AC816-6988-48F8-9FBD-AF9D35CE7A6C}.Debug|Any CPU.Build.0 = Debug|Any CPU
		{2B0AC816-6988-48F8-9FBD-AF9D35CE7A6C}.Release|Any CPU.ActiveCfg = Release|Any CPU
		{2B0AC816-6988-48F8-9FBD-AF9D35CE7A6C}.Release|Any CPU.Build.0 = Release|Any CPU
		{D6D7616E-04EF-4CB6-B004-EF82DFBFF8DB}.Debug|Any CPU.ActiveCfg = Debug|Any CPU
		{D6D7616E-04EF-4CB6-B004-EF82DFBFF8DB}.Debug|Any CPU.Build.0 = Debug|Any CPU
		{D6D7616E-04EF-4CB6-B004-EF82DFBFF8DB}.Release|Any CPU.ActiveCfg = Release|Any CPU
		{D6D7616E-04EF-4CB6-B004-EF82DFBFF8DB}.Release|Any CPU.Build.0 = Release|Any CPU
		{6C5170C0-22B0-490C-8A2B-F5A37F8DC0FD}.Debug|Any CPU.ActiveCfg = Debug|Any CPU
		{6C5170C0-22B0-490C-8A2B-F5A37F8DC0FD}.Debug|Any CPU.Build.0 = Debug|Any CPU
		{6C5170C0-22B0-490C-8A2B-F5A37F8DC0FD}.Release|Any CPU.ActiveCfg = Release|Any CPU
		{6C5170C0-22B0-490C-8A2B-F5A37F8DC0FD}.Release|Any CPU.Build.0 = Release|Any CPU
		{210DF4E8-7DB4-4804-93AF-00DE0B4C9CCD}.Debug|Any CPU.ActiveCfg = Debug|Any CPU
		{210DF4E8-7DB4-4804-93AF-00DE0B4C9CCD}.Debug|Any CPU.Build.0 = Debug|Any CPU
		{210DF4E8-7DB4-4804-93AF-00DE0B4C9CCD}.Release|Any CPU.ActiveCfg = Release|Any CPU
		{210DF4E8-7DB4-4804-93AF-00DE0B4C9CCD}.Release|Any CPU.Build.0 = Release|Any CPU
		{BFE3D64E-2DD0-4598-9863-C3155AE65DF9}.Debug|Any CPU.ActiveCfg = Debug|Any CPU
		{BFE3D64E-2DD0-4598-9863-C3155AE65DF9}.Debug|Any CPU.Build.0 = Debug|Any CPU
		{BFE3D64E-2DD0-4598-9863-C3155AE65DF9}.Release|Any CPU.ActiveCfg = Release|Any CPU
		{BFE3D64E-2DD0-4598-9863-C3155AE65DF9}.Release|Any CPU.Build.0 = Release|Any CPU
		{3193316A-2D7B-4920-A91C-17D14B5170C5}.Debug|Any CPU.ActiveCfg = Debug|Any CPU
		{3193316A-2D7B-4920-A91C-17D14B5170C5}.Debug|Any CPU.Build.0 = Debug|Any CPU
		{3193316A-2D7B-4920-A91C-17D14B5170C5}.Release|Any CPU.ActiveCfg = Release|Any CPU
		{3193316A-2D7B-4920-A91C-17D14B5170C5}.Release|Any CPU.Build.0 = Release|Any CPU
		{C66557A8-7CAD-4F5C-8042-A1C317C0AC1D}.Debug|Any CPU.ActiveCfg = Debug|Any CPU
		{C66557A8-7CAD-4F5C-8042-A1C317C0AC1D}.Debug|Any CPU.Build.0 = Debug|Any CPU
		{C66557A8-7CAD-4F5C-8042-A1C317C0AC1D}.Release|Any CPU.ActiveCfg = Release|Any CPU
		{C66557A8-7CAD-4F5C-8042-A1C317C0AC1D}.Release|Any CPU.Build.0 = Release|Any CPU
		{04F5E8B9-0E44-4DF3-BAA1-F2B707E3722E}.Debug|Any CPU.ActiveCfg = Debug|Any CPU
		{04F5E8B9-0E44-4DF3-BAA1-F2B707E3722E}.Debug|Any CPU.Build.0 = Debug|Any CPU
		{04F5E8B9-0E44-4DF3-BAA1-F2B707E3722E}.Release|Any CPU.ActiveCfg = Release|Any CPU
		{04F5E8B9-0E44-4DF3-BAA1-F2B707E3722E}.Release|Any CPU.Build.0 = Release|Any CPU
		{F29B8A9F-ABA7-4459-B329-E1CABAB5B4A5}.Debug|Any CPU.ActiveCfg = Debug|Any CPU
		{F29B8A9F-ABA7-4459-B329-E1CABAB5B4A5}.Debug|Any CPU.Build.0 = Debug|Any CPU
		{F29B8A9F-ABA7-4459-B329-E1CABAB5B4A5}.Release|Any CPU.ActiveCfg = Release|Any CPU
		{F29B8A9F-ABA7-4459-B329-E1CABAB5B4A5}.Release|Any CPU.Build.0 = Release|Any CPU
		{2F689856-D591-4E96-A537-874D7A9C3854}.Debug|Any CPU.ActiveCfg = Debug|Any CPU
		{2F689856-D591-4E96-A537-874D7A9C3854}.Debug|Any CPU.Build.0 = Debug|Any CPU
		{2F689856-D591-4E96-A537-874D7A9C3854}.Release|Any CPU.ActiveCfg = Release|Any CPU
		{2F689856-D591-4E96-A537-874D7A9C3854}.Release|Any CPU.Build.0 = Release|Any CPU
		{18F95D6C-6234-4788-90C8-008DA13B00E3}.Debug|Any CPU.ActiveCfg = Debug|Any CPU
		{18F95D6C-6234-4788-90C8-008DA13B00E3}.Debug|Any CPU.Build.0 = Debug|Any CPU
		{18F95D6C-6234-4788-90C8-008DA13B00E3}.Release|Any CPU.ActiveCfg = Release|Any CPU
		{18F95D6C-6234-4788-90C8-008DA13B00E3}.Release|Any CPU.Build.0 = Release|Any CPU
		{5C07F53D-838E-471B-901D-626B1551CE19}.Debug|Any CPU.ActiveCfg = Debug|Any CPU
		{5C07F53D-838E-471B-901D-626B1551CE19}.Debug|Any CPU.Build.0 = Debug|Any CPU
		{5C07F53D-838E-471B-901D-626B1551CE19}.Release|Any CPU.ActiveCfg = Release|Any CPU
		{5C07F53D-838E-471B-901D-626B1551CE19}.Release|Any CPU.Build.0 = Release|Any CPU
		{22CE6139-6F6B-4E4E-A519-04EA50B74F9C}.Debug|Any CPU.ActiveCfg = Debug|Any CPU
		{22CE6139-6F6B-4E4E-A519-04EA50B74F9C}.Debug|Any CPU.Build.0 = Debug|Any CPU
		{22CE6139-6F6B-4E4E-A519-04EA50B74F9C}.Release|Any CPU.ActiveCfg = Release|Any CPU
		{22CE6139-6F6B-4E4E-A519-04EA50B74F9C}.Release|Any CPU.Build.0 = Release|Any CPU
	EndGlobalSection
	GlobalSection(SolutionProperties) = preSolution
		HideSolutionNode = FALSE
	EndGlobalSection
	GlobalSection(NestedProjects) = preSolution
		{DAF7AB7D-5322-4059-AF0C-F6BE34BFBE99} = {A49EDAA2-9E82-4B67-98FB-CBFC14174B27}
		{9A09DDA5-EDCB-4929-BAE2-6C5B3C78B44A} = {A49EDAA2-9E82-4B67-98FB-CBFC14174B27}
		{D2A31D29-8447-475A-AF96-A383D5164802} = {A49EDAA2-9E82-4B67-98FB-CBFC14174B27}
		{2A451CC7-30A9-4621-A6CB-03F37B72594F} = {A49EDAA2-9E82-4B67-98FB-CBFC14174B27}
		{6FCDC5C7-B6DA-4CB7-B836-4A3AFE5FEA34} = {A49EDAA2-9E82-4B67-98FB-CBFC14174B27}
		{BBCC20B3-2FB2-43FC-B15A-7ECB88B282DE} = {BACD2694-C634-4F3C-AE8E-F6B6C7CBBDE3}
		{018898F0-03A8-4465-97F9-68DDFAC5F322} = {BACD2694-C634-4F3C-AE8E-F6B6C7CBBDE3}
		{4937CC5F-CBC4-45FE-A088-313D30D13FEA} = {BACD2694-C634-4F3C-AE8E-F6B6C7CBBDE3}
		{F1672480-9ED3-4037-B2E1-07E82BF5FBC7} = {A49EDAA2-9E82-4B67-98FB-CBFC14174B27}
		{8740B781-23C6-42FC-92D7-7143EC8CAC42} = {BACD2694-C634-4F3C-AE8E-F6B6C7CBBDE3}
		{0FABAC91-3154-4736-8108-7E29B0B1AB84} = {BBCC20B3-2FB2-43FC-B15A-7ECB88B282DE}
		{D5ED623A-8CC0-4258-9D41-27C338587189} = {8740B781-23C6-42FC-92D7-7143EC8CAC42}
		{916AE2FA-10BD-442E-A8DB-B0E586C665C5} = {4937CC5F-CBC4-45FE-A088-313D30D13FEA}
		{FB7F282B-E170-44ED-A61A-0D5D936DFA1B} = {8740B781-23C6-42FC-92D7-7143EC8CAC42}
		{2B0AC816-6988-48F8-9FBD-AF9D35CE7A6C} = {8740B781-23C6-42FC-92D7-7143EC8CAC42}
		{D6D7616E-04EF-4CB6-B004-EF82DFBFF8DB} = {4937CC5F-CBC4-45FE-A088-313D30D13FEA}
		{6C5170C0-22B0-490C-8A2B-F5A37F8DC0FD} = {4937CC5F-CBC4-45FE-A088-313D30D13FEA}
		{210DF4E8-7DB4-4804-93AF-00DE0B4C9CCD} = {018898F0-03A8-4465-97F9-68DDFAC5F322}
		{BFE3D64E-2DD0-4598-9863-C3155AE65DF9} = {018898F0-03A8-4465-97F9-68DDFAC5F322}
		{3193316A-2D7B-4920-A91C-17D14B5170C5} = {DAF7AB7D-5322-4059-AF0C-F6BE34BFBE99}
		{C66557A8-7CAD-4F5C-8042-A1C317C0AC1D} = {F1672480-9ED3-4037-B2E1-07E82BF5FBC7}
		{04F5E8B9-0E44-4DF3-BAA1-F2B707E3722E} = {2A451CC7-30A9-4621-A6CB-03F37B72594F}
		{F29B8A9F-ABA7-4459-B329-E1CABAB5B4A5} = {2A451CC7-30A9-4621-A6CB-03F37B72594F}
		{2F689856-D591-4E96-A537-874D7A9C3854} = {D2A31D29-8447-475A-AF96-A383D5164802}
		{18F95D6C-6234-4788-90C8-008DA13B00E3} = {D2A31D29-8447-475A-AF96-A383D5164802}
		{5C07F53D-838E-471B-901D-626B1551CE19} = {6FCDC5C7-B6DA-4CB7-B836-4A3AFE5FEA34}
		{22CE6139-6F6B-4E4E-A519-04EA50B74F9C} = {F1672480-9ED3-4037-B2E1-07E82BF5FBC7}
	EndGlobalSection
	GlobalSection(ExtensibilityGlobals) = postSolution
		SolutionGuid = {F1AF38A3-D435-4644-8E93-5F8CD165F53F}
	EndGlobalSection
EndGlobal
